# THIS IS AN AUTOGENERATED FILE. DO NOT EDIT THIS FILE DIRECTLY.
# yarn lockfile v1


remove-markdown@0.3.0:
  version "0.3.0"
  resolved "https://registry.yarnpkg.com/remove-markdown/-/remove-markdown-0.3.0.tgz#5e4b667493a93579728f3d52ecc1db9ca505dc98"
  integrity sha1-XktmdJOpNXlyjz1S7MHbnKUF3Jg=

striptags@3.1.1:
  version "3.1.1"
  resolved "https://registry.yarnpkg.com/striptags/-/striptags-3.1.1.tgz#c8c3e7fdd6fb4bb3a32a3b752e5b5e3e38093ebd"
  integrity sha1-yMPn/db7S7OjKjt1LltePjgJPr0=
